PODS:
  - CombineCocoa (0.4.0)
  - SnapKit (5.0.1)
  - Swinject (2.8.1)
  - Then (2.7.0)

DEPENDENCIES:
  - CombineCocoa
  - SnapKit
  - Swinject
  - Then

SPEC REPOS:
  trunk:
    - CombineCocoa
    - SnapKit
    - Swinject
    - Then

SPEC CHECKSUMS:
  CombineCocoa: 68a050228ce7c53c1c5ac2c57cccf92a7f5c5085
  SnapKit: 97b92857e3df3a0c71833cce143274bf6ef8e5eb
  Swinject: 97112918bd7e0785dc2df7036213f3c8cbba6586
  Then: acfe0be7e98221c6204e12f8161459606d5d822d

PODFILE CHECKSUM: f1a6d68a3dec6bae0c6adf83bd80d225a6216b56

COCOAPODS: 1.11.2
