// !$*UTF8*$!
{
	archiveVersion = 1;
	classes = {
	};
	objectVersion = 55;
	objects = {

/* Begin PBXBuildFile section */
		3A10BCE2278BEBAF00E7BC23 /* AppDelegate.swift in Sources */ = {isa = PBXBuildFile; fileRef = 3A10BCE1278BEBAF00E7BC23 /* AppDelegate.swift */; };
		3A10BCE4278BEBAF00E7BC23 /* SceneDelegate.swift in Sources */ = {isa = PBXBuildFile; fileRef = 3A10BCE3278BEBAF00E7BC23 /* SceneDelegate.swift */; };
		3A10BCE6278BEBAF00E7BC23 /* ViewController.swift in Sources */ = {isa = PBXBuildFile; fileRef = 3A10BCE5278BEBAF00E7BC23 /* ViewController.swift */; };
		3A10BCE9278BEBAF00E7BC23 /* Main.storyboard in Resources */ = {isa = PBXBuildFile; fileRef = 3A10BCE7278BEBAF00E7BC23 /* Main.storyboard */; };
		3A10BCEB278BEBB000E7BC23 /* Assets.xcassets in Resources */ = {isa = PBXBuildFile; fileRef = 3A10BCEA278BEBB000E7BC23 /* Assets.xcassets */; };
		3A10BCEE278BEBB000E7BC23 /* LaunchScreen.storyboard in Resources */ = {isa = PBXBuildFile; fileRef = 3A10BCEC278BEBB000E7BC23 /* LaunchScreen.storyboard */; };
		3A10BCF6278BFC9D00E7BC23 /* ElectronicIDScrollView.swift in Sources */ = {isa = PBXBuildFile; fileRef = 3A10BCF5278BFC9D00E7BC23 /* ElectronicIDScrollView.swift */; };
		3A10BCF9278BFD7C00E7BC23 /* MainIDView.swift in Sources */ = {isa = PBXBuildFile; fileRef = 3A10BCF8278BFD7C00E7BC23 /* MainIDView.swift */; };
		3A10BCFD278C066600E7BC23 /* Constants.swift in Sources */ = {isa = PBXBuildFile; fileRef = 3A10BCFC278C066600E7BC23 /* Constants.swift */; };
		3A10BCFF278C095B00E7BC23 /* ProfileView.swift in Sources */ = {isa = PBXBuildFile; fileRef = 3A10BCFE278C095B00E7BC23 /* ProfileView.swift */; };
		3A10BD02278C0EA900E7BC23 /* UIView+Extension.swift in Sources */ = {isa = PBXBuildFile; fileRef = 3A10BD01278C0EA900E7BC23 /* UIView+Extension.swift */; };
		3A180D28278D122F008B8F08 /* QRView.swift in Sources */ = {isa = PBXBuildFile; fileRef = 3A180D27278D122F008B8F08 /* QRView.swift */; };
		3A180D2A278D132C008B8F08 /* QRCodeView.swift in Sources */ = {isa = PBXBuildFile; fileRef = 3A180D29278D132C008B8F08 /* QRCodeView.swift */; };
		BF78BAB9649E155F1F821434 /* Pods_ElectronicIDCardDemo.framework in Frameworks */ = {isa = PBXBuildFile; fileRef = 587B8285E71AADC8873A9DAF /* Pods_ElectronicIDCardDemo.framework */; };
/* End PBXBuildFile section */

/* Begin PBXFileReference section */
		182B6866F9EDE8EF9AF5FEBC /* Pods-ElectronicIDCardDemo.debug.xcconfig */ = {isa = PBXFileReference; includeInIndex = 1; lastKnownFileType = text.xcconfig; name = "Pods-ElectronicIDCardDemo.debug.xcconfig"; path = "Target Support Files/Pods-ElectronicIDCardDemo/Pods-ElectronicIDCardDemo.debug.xcconfig"; sourceTree = "<group>"; };
		3A10BCDE278BEBAF00E7BC23 /* ElectronicIDCardDemo.app */ = {isa = PBXFileReference; explicitFileType = wrapper.application; includeInIndex = 0; path = ElectronicIDCardDemo.app; sourceTree = BUILT_PRODUCTS_DIR; };
		3A10BCE1278BEBAF00E7BC23 /* AppDelegate.swift */ = {isa = PBXFileReference; lastKnownFileType = sourcecode.swift; path = AppDelegate.swift; sourceTree = "<group>"; };
		3A10BCE3278BEBAF00E7BC23 /* SceneDelegate.swift */ = {isa = PBXFileReference; lastKnownFileType = sourcecode.swift; path = SceneDelegate.swift; sourceTree = "<group>"; };
		3A10BCE5278BEBAF00E7BC23 /* ViewController.swift */ = {isa = PBXFileReference; lastKnownFileType = sourcecode.swift; path = ViewController.swift; sourceTree = "<group>"; };
		3A10BCE8278BEBAF00E7BC23 /* Base */ = {isa = PBXFileReference; lastKnownFileType = file.storyboard; name = Base; path = Base.lproj/Main.storyboard; sourceTree = "<group>"; };
		3A10BCEA278BEBB000E7BC23 /* Assets.xcassets */ = {isa = PBXFileReference; lastKnownFileType = folder.assetcatalog; path = Assets.xcassets; sourceTree = "<group>"; };
		3A10BCED278BEBB000E7BC23 /* Base */ = {isa = PBXFileReference; lastKnownFileType = file.storyboard; name = Base; path = Base.lproj/LaunchScreen.storyboard; sourceTree = "<group>"; };
		3A10BCEF278BEBB000E7BC23 /* Info.plist */ = {isa = PBXFileReference; lastKnownFileType = text.plist.xml; path = Info.plist; sourceTree = "<group>"; };
		3A10BCF5278BFC9D00E7BC23 /* ElectronicIDScrollView.swift */ = {isa = PBXFileReference; lastKnownFileType = sourcecode.swift; path = ElectronicIDScrollView.swift; sourceTree = "<group>"; };
		3A10BCF8278BFD7C00E7BC23 /* MainIDView.swift */ = {isa = PBXFileReference; lastKnownFileType = sourcecode.swift; path = MainIDView.swift; sourceTree = "<group>"; };
		3A10BCFC278C066600E7BC23 /* Constants.swift */ = {isa = PBXFileReference; lastKnownFileType = sourcecode.swift; path = Constants.swift; sourceTree = "<group>"; };
		3A10BCFE278C095B00E7BC23 /* ProfileView.swift */ = {isa = PBXFileReference; lastKnownFileType = sourcecode.swift; path = ProfileView.swift; sourceTree = "<group>"; };
		3A10BD01278C0EA900E7BC23 /* UIView+Extension.swift */ = {isa = PBXFileReference; lastKnownFileType = sourcecode.swift; path = "UIView+Extension.swift"; sourceTree = "<group>"; };
		3A180D27278D122F008B8F08 /* QRView.swift */ = {isa = PBXFileReference; lastKnownFileType = sourcecode.swift; path = QRView.swift; sourceTree = "<group>"; };
		3A180D29278D132C008B8F08 /* QRCodeView.swift */ = {isa = PBXFileReference; lastKnownFileType = sourcecode.swift; path = QRCodeView.swift; sourceTree = "<group>"; };
		587B8285E71AADC8873A9DAF /* Pods_ElectronicIDCardDemo.framework */ = {isa = PBXFileReference; explicitFileType = wrapper.framework; includeInIndex = 0; path = Pods_ElectronicIDCardDemo.framework; sourceTree = BUILT_PRODUCTS_DIR; };
		B71A7269F86AED1249D9897A /* Pods-ElectronicIDCardDemo.release.xcconfig */ = {isa = PBXFileReference; includeInIndex = 1; lastKnownFileType = text.xcconfig; name = "Pods-ElectronicIDCardDemo.release.xcconfig"; path = "Target Support Files/Pods-ElectronicIDCardDemo/Pods-ElectronicIDCardDemo.release.xcconfig"; sourceTree = "<group>"; };
/* End PBXFileReference section */

/* Begin PBXFrameworksBuildPhase section */
		3A10BCDB278BEBAF00E7BC23 /* Frameworks */ = {
			isa = PBXFrameworksBuildPhase;
			buildActionMask = 2147483647;
			files = (
				BF78BAB9649E155F1F821434 /* Pods_ElectronicIDCardDemo.framework in Frameworks */,
			);
			runOnlyForDeploymentPostprocessing = 0;
		};
/* End PBXFrameworksBuildPhase section */

/* Begin PBXGroup section */
		3A10BCD5278BEBAF00E7BC23 = {
			isa = PBXGroup;
			children = (
				3A10BCE0278BEBAF00E7BC23 /* ElectronicIDCardDemo */,
				3A10BCDF278BEBAF00E7BC23 /* Products */,
				B5DA4985936B98C3857D3EC7 /* Pods */,
				DC9A5D735438FDB64BABBA0E /* Frameworks */,
			);
			sourceTree = "<group>";
		};
		3A10BCDF278BEBAF00E7BC23 /* Products */ = {
			isa = PBXGroup;
			children = (
				3A10BCDE278BEBAF00E7BC23 /* ElectronicIDCardDemo.app */,
			);
			name = Products;
			sourceTree = "<group>";
		};
		3A10BCE0278BEBAF00E7BC23 /* ElectronicIDCardDemo */ = {
			isa = PBXGroup;
			children = (
				3A10BCE1278BEBAF00E7BC23 /* AppDelegate.swift */,
				3A10BCE3278BEBAF00E7BC23 /* SceneDelegate.swift */,
				3A10BCE5278BEBAF00E7BC23 /* ViewController.swift */,
				3A10BCFC278C066600E7BC23 /* Constants.swift */,
				3A10BCF7278BFD0800E7BC23 /* IDCardViews */,
				3A10BCE7278BEBAF00E7BC23 /* Main.storyboard */,
				3A10BCEA278BEBB000E7BC23 /* Assets.xcassets */,
				3A10BCEC278BEBB000E7BC23 /* LaunchScreen.storyboard */,
				3A10BCEF278BEBB000E7BC23 /* Info.plist */,
			);
			path = ElectronicIDCardDemo;
			sourceTree = "<group>";
		};
		3A10BCF7278BFD0800E7BC23 /* IDCardViews */ = {
			isa = PBXGroup;
			children = (
				3A10BCF8278BFD7C00E7BC23 /* MainIDView.swift */,
				3A10BCF5278BFC9D00E7BC23 /* ElectronicIDScrollView.swift */,
				3A10BCFA278C063000E7BC23 /* ScrollSubViews */,
			);
			path = IDCardViews;
			sourceTree = "<group>";
		};
		3A10BCFA278C063000E7BC23 /* ScrollSubViews */ = {
			isa = PBXGroup;
			children = (
				3A10BCFE278C095B00E7BC23 /* ProfileView.swift */,
				3A180D27278D122F008B8F08 /* QRView.swift */,
				3A180D29278D132C008B8F08 /* QRCodeView.swift */,
				3A10BD00278C0E9700E7BC23 /* Extensions */,
			);
			path = ScrollSubViews;
			sourceTree = "<group>";
		};
		3A10BD00278C0E9700E7BC23 /* Extensions */ = {
			isa = PBXGroup;
			children = (
				3A10BD01278C0EA900E7BC23 /* UIView+Extension.swift */,
			);
			path = Extensions;
			sourceTree = "<group>";
		};
		B5DA4985936B98C3857D3EC7 /* Pods */ = {
			isa = PBXGroup;
			children = (
				182B6866F9EDE8EF9AF5FEBC /* Pods-ElectronicIDCardDemo.debug.xcconfig */,
				B71A7269F86AED1249D9897A /* Pods-ElectronicIDCardDemo.release.xcconfig */,
			);
			path = Pods;
			sourceTree = "<group>";
		};
		DC9A5D735438FDB64BABBA0E /* Frameworks */ = {
			isa = PBXGroup;
			children = (
				587B8285E71AADC8873A9DAF /* Pods_ElectronicIDCardDemo.framework */,
			);
			name = Frameworks;
			sourceTree = "<group>";
		};
/* End PBXGroup section */

/* Begin PBXNativeTarget section */
		3A10BCDD278BEBAF00E7BC23 /* ElectronicIDCardDemo */ = {
			isa = PBXNativeTarget;
			buildConfigurationList = 3A10BCF2278BEBB000E7BC23 /* Build configuration list for PBXNativeTarget "ElectronicIDCardDemo" */;
			buildPhases = (
				9736EFC57C4E9B68CFA3D39F /* [CP] Check Pods Manifest.lock */,
				3A10BCDA278BEBAF00E7BC23 /* Sources */,
				3A10BCDB278BEBAF00E7BC23 /* Frameworks */,
				3A10BCDC278BEBAF00E7BC23 /* Resources */,
				81615DEC7C8F5BB73F947289 /* [CP] Embed Pods Frameworks */,
			);
			buildRules = (
			);
			dependencies = (
			);
			name = ElectronicIDCardDemo;
			productName = ElectronicIDCardDemo;
			productReference = 3A10BCDE278BEBAF00E7BC23 /* ElectronicIDCardDemo.app */;
			productType = "com.apple.product-type.application";
		};
/* End PBXNativeTarget section */

/* Begin PBXProject section */
		3A10BCD6278BEBAF00E7BC23 /* Project object */ = {
			isa = PBXProject;
			attributes = {
				BuildIndependentTargetsInParallel = 1;
				LastSwiftUpdateCheck = 1320;
				LastUpgradeCheck = 1320;
				TargetAttributes = {
					3A10BCDD278BEBAF00E7BC23 = {
						CreatedOnToolsVersion = 13.2.1;
					};
				};
			};
			buildConfigurationList = 3A10BCD9278BEBAF00E7BC23 /* Build configuration list for PBXProject "ElectronicIDCardDemo" */;
			compatibilityVersion = "Xcode 13.0";
			developmentRegion = en;
			hasScannedForEncodings = 0;
			knownRegions = (
				en,
				Base,
			);
			mainGroup = 3A10BCD5278BEBAF00E7BC23;
			productRefGroup = 3A10BCDF278BEBAF00E7BC23 /* Products */;
			projectDirPath = "";
			projectRoot = "";
			targets = (
				3A10BCDD278BEBAF00E7BC23 /* ElectronicIDCardDemo */,
			);
		};
/* End PBXProject section */

/* Begin PBXResourcesBuildPhase section */
		3A10BCDC278BEBAF00E7BC23 /* Resources */ = {
			isa = PBXResourcesBuildPhase;
			buildActionMask = 2147483647;
			files = (
				3A10BCEE278BEBB000E7BC23 /* LaunchScreen.storyboard in Resources */,
				3A10BCEB278BEBB000E7BC23 /* Assets.xcassets in Resources */,
				3A10BCE9278BEBAF00E7BC23 /* Main.storyboard in Resources */,
			);
			runOnlyForDeploymentPostprocessing = 0;
		};
/* End PBXResourcesBuildPhase section */

/* Begin PBXShellScriptBuildPhase section */
		81615DEC7C8F5BB73F947289 /* [CP] Embed Pods Frameworks */ = {
			isa = PBXShellScriptBuildPhase;
			buildActionMask = 2147483647;
			files = (
			);
			inputFileListPaths = (
				"${PODS_ROOT}/Target Support Files/Pods-ElectronicIDCardDemo/Pods-ElectronicIDCardDemo-frameworks-${CONFIGURATION}-input-files.xcfilelist",
			);
			name = "[CP] Embed Pods Frameworks";
			outputFileListPaths = (
				"${PODS_ROOT}/Target Support Files/Pods-ElectronicIDCardDemo/Pods-ElectronicIDCardDemo-frameworks-${CONFIGURATION}-output-files.xcfilelist",
			);
			runOnlyForDeploymentPostprocessing = 0;
			shellPath = /bin/sh;
			shellScript = "\"${PODS_ROOT}/Target Support Files/Pods-ElectronicIDCardDemo/Pods-ElectronicIDCardDemo-frameworks.sh\"\n";
			showEnvVarsInLog = 0;
		};
		9736EFC57C4E9B68CFA3D39F /* [CP] Check Pods Manifest.lock */ = {
			isa = PBXShellScriptBuildPhase;
			buildActionMask = 2147483647;
			files = (
			);
			inputFileListPaths = (
			);
			inputPaths = (
				"${PODS_PODFILE_DIR_PATH}/Podfile.lock",
				"${PODS_ROOT}/Manifest.lock",
			);
			name = "[CP] Check Pods Manifest.lock";
			outputFileListPaths = (
			);
			outputPaths = (
				"$(DERIVED_FILE_DIR)/Pods-ElectronicIDCardDemo-checkManifestLockResult.txt",
			);
			runOnlyForDeploymentPostprocessing = 0;
			shellPath = /bin/sh;
			shellScript = "diff \"${PODS_PODFILE_DIR_PATH}/Podfile.lock\" \"${PODS_ROOT}/Manifest.lock\" > /dev/null\nif [ $? != 0 ] ; then\n    # print error to STDERR\n    echo \"error: The sandbox is not in sync with the Podfile.lock. Run 'pod install' or update your CocoaPods installation.\" >&2\n    exit 1\nfi\n# This output is used by Xcode 'outputs' to avoid re-running this script phase.\necho \"SUCCESS\" > \"${SCRIPT_OUTPUT_FILE_0}\"\n";
			showEnvVarsInLog = 0;
		};
/* End PBXShellScriptBuildPhase section */

/* Begin PBXSourcesBuildPhase section */
		3A10BCDA278BEBAF00E7BC23 /* Sources */ = {
			isa = PBXSourcesBuildPhase;
			buildActionMask = 2147483647;
			files = (
				3A10BCF9278BFD7C00E7BC23 /* MainIDView.swift in Sources */,
				3A10BCE6278BEBAF00E7BC23 /* ViewController.swift in Sources */,
				3A180D2A278D132C008B8F08 /* QRCodeView.swift in Sources */,
				3A10BD02278C0EA900E7BC23 /* UIView+Extension.swift in Sources */,
				3A10BCE2278BEBAF00E7BC23 /* AppDelegate.swift in Sources */,
				3A180D28278D122F008B8F08 /* QRView.swift in Sources */,
				3A10BCFD278C066600E7BC23 /* Constants.swift in Sources */,
				3A10BCF6278BFC9D00E7BC23 /* ElectronicIDScrollView.swift in Sources */,
				3A10BCFF278C095B00E7BC23 /* ProfileView.swift in Sources */,
				3A10BCE4278BEBAF00E7BC23 /* SceneDelegate.swift in Sources */,
			);
			runOnlyForDeploymentPostprocessing = 0;
		};
/* End PBXSourcesBuildPhase section */

/* Begin PBXVariantGroup section */
		3A10BCE7278BEBAF00E7BC23 /* Main.storyboard */ = {
			isa = PBXVariantGroup;
			children = (
				3A10BCE8278BEBAF00E7BC23 /* Base */,
			);
			name = Main.storyboard;
			sourceTree = "<group>";
		};
		3A10BCEC278BEBB000E7BC23 /* LaunchScreen.storyboard */ = {
			isa = PBXVariantGroup;
			children = (
				3A10BCED278BEBB000E7BC23 /* Base */,
			);
			name = LaunchScreen.storyboard;
			sourceTree = "<group>";
		};
/* End PBXVariantGroup section */

/* Begin XCBuildConfiguration section */
		3A10BCF0278BEBB000E7BC23 /* Debug */ = {
			isa = XCBuildConfiguration;
			buildSettings = {
				ALWAYS_SEARCH_USER_PATHS = NO;
				CLANG_ANALYZER_NONNULL = YES;
				CLANG_ANALYZER_NUMBER_OBJECT_CONVERSION = YES_AGGRESSIVE;
				CLANG_CXX_LANGUAGE_STANDARD = "gnu++17";
				CLANG_CXX_LIBRARY = "libc++";
				CLANG_ENABLE_MODULES = YES;
				CLANG_ENABLE_OBJC_ARC = YES;
				CLANG_ENABLE_OBJC_WEAK = YES;
				CLANG_WARN_BLOCK_CAPTURE_AUTORELEASING = YES;
				CLANG_WARN_BOOL_CONVERSION = YES;
				CLANG_WARN_COMMA = YES;
				CLANG_WARN_CONSTANT_CONVERSION = YES;
				CLANG_WARN_DEPRECATED_OBJC_IMPLEMENTATIONS = YES;
				CLANG_WARN_DIRECT_OBJC_ISA_USAGE = YES_ERROR;
				CLANG_WARN_DOCUMENTATION_COMMENTS = YES;
				CLANG_WARN_EMPTY_BODY = YES;
				CLANG_WARN_ENUM_CONVERSION = YES;
				CLANG_WARN_INFINITE_RECURSION = YES;
				CLANG_WARN_INT_CONVERSION = YES;
				CLANG_WARN_NON_LITERAL_NULL_CONVERSION = YES;
				CLANG_WARN_OBJC_IMPLICIT_RETAIN_SELF = YES;
				CLANG_WARN_OBJC_LITERAL_CONVERSION = YES;
				CLANG_WARN_OBJC_ROOT_CLASS = YES_ERROR;
				CLANG_WARN_QUOTED_INCLUDE_IN_FRAMEWORK_HEADER = YES;
				CLANG_WARN_RANGE_LOOP_ANALYSIS = YES;
				CLANG_WARN_STRICT_PROTOTYPES = YES;
				CLANG_WARN_SUSPICIOUS_MOVE = YES;
				CLANG_WARN_UNGUARDED_AVAILABILITY = YES_AGGRESSIVE;
				CLANG_WARN_UNREACHABLE_CODE = YES;
				CLANG_WARN__DUPLICATE_METHOD_MATCH = YES;
				COPY_PHASE_STRIP = NO;
				DEBUG_INFORMATION_FORMAT = dwarf;
				ENABLE_STRICT_OBJC_MSGSEND = YES;
				ENABLE_TESTABILITY = YES;
				GCC_C_LANGUAGE_STANDARD = gnu11;
				GCC_DYNAMIC_NO_PIC = NO;
				GCC_NO_COMMON_BLOCKS = YES;
				GCC_OPTIMIZATION_LEVEL = 0;
				GCC_PREPROCESSOR_DEFINITIONS = (
					"DEBUG=1",
					"$(inherited)",
				);
				GCC_WARN_64_TO_32_BIT_CONVERSION = YES;
				GCC_WARN_ABOUT_RETURN_TYPE = YES_ERROR;
				GCC_WARN_UNDECLARED_SELECTOR = YES;
				GCC_WARN_UNINITIALIZED_AUTOS = YES_AGGRESSIVE;
				GCC_WARN_UNUSED_FUNCTION = YES;
				GCC_WARN_UNUSED_VARIABLE = YES;
				IPHONEOS_DEPLOYMENT_TARGET = 15.2;
				MTL_ENABLE_DEBUG_INFO = INCLUDE_SOURCE;
				MTL_FAST_MATH = YES;
				ONLY_ACTIVE_ARCH = YES;
				SDKROOT = iphoneos;
				SWIFT_ACTIVE_COMPILATION_CONDITIONS = DEBUG;
				SWIFT_OPTIMIZATION_LEVEL = "-Onone";
			};
			name = Debug;
		};
		3A10BCF1278BEBB000E7BC23 /* Release */ = {
			isa = XCBuildConfiguration;
			buildSettings = {
				ALWAYS_SEARCH_USER_PATHS = NO;
				CLANG_ANALYZER_NONNULL = YES;
				CLANG_ANALYZER_NUMBER_OBJECT_CONVERSION = YES_AGGRESSIVE;
				CLANG_CXX_LANGUAGE_STANDARD = "gnu++17";
				CLANG_CXX_LIBRARY = "libc++";
				CLANG_ENABLE_MODULES = YES;
				CLANG_ENABLE_OBJC_ARC = YES;
				CLANG_ENABLE_OBJC_WEAK = YES;
				CLANG_WARN_BLOCK_CAPTURE_AUTORELEASING = YES;
				CLANG_WARN_BOOL_CONVERSION = YES;
				CLANG_WARN_COMMA = YES;
				CLANG_WARN_CONSTANT_CONVERSION = YES;
				CLANG_WARN_DEPRECATED_OBJC_IMPLEMENTATIONS = YES;
				CLANG_WARN_DIRECT_OBJC_ISA_USAGE = YES_ERROR;
				CLANG_WARN_DOCUMENTATION_COMMENTS = YES;
				CLANG_WARN_EMPTY_BODY = YES;
				CLANG_WARN_ENUM_CONVERSION = YES;
				CLANG_WARN_INFINITE_RECURSION = YES;
				CLANG_WARN_INT_CONVERSION = YES;
				CLANG_WARN_NON_LITERAL_NULL_CONVERSION = YES;
				CLANG_WARN_OBJC_IMPLICIT_RETAIN_SELF = YES;
				CLANG_WARN_OBJC_LITERAL_CONVERSION = YES;
				CLANG_WARN_OBJC_ROOT_CLASS = YES_ERROR;
				CLANG_WARN_QUOTED_INCLUDE_IN_FRAMEWORK_HEADER = YES;
				CLANG_WARN_RANGE_LOOP_ANALYSIS = YES;
				CLANG_WARN_STRICT_PROTOTYPES = YES;
				CLANG_WARN_SUSPICIOUS_MOVE = YES;
				CLANG_WARN_UNGUARDED_AVAILABILITY = YES_AGGRESSIVE;
				CLANG_WARN_UNREACHABLE_CODE = YES;
				CLANG_WARN__DUPLICATE_METHOD_MATCH = YES;
				COPY_PHASE_STRIP = NO;
				DEBUG_INFORMATION_FORMAT = "dwarf-with-dsym";
				ENABLE_NS_ASSERTIONS = NO;
				ENABLE_STRICT_OBJC_MSGSEND = YES;
				GCC_C_LANGUAGE_STANDARD = gnu11;
				GCC_NO_COMMON_BLOCKS = YES;
				GCC_WARN_64_TO_32_BIT_CONVERSION = YES;
				GCC_WARN_ABOUT_RETURN_TYPE = YES_ERROR;
				GCC_WARN_UNDECLARED_SELECTOR = YES;
				GCC_WARN_UNINITIALIZED_AUTOS = YES_AGGRESSIVE;
				GCC_WARN_UNUSED_FUNCTION = YES;
				GCC_WARN_UNUSED_VARIABLE = YES;
				IPHONEOS_DEPLOYMENT_TARGET = 15.2;
				MTL_ENABLE_DEBUG_INFO = NO;
				MTL_FAST_MATH = YES;
				SDKROOT = iphoneos;
				SWIFT_COMPILATION_MODE = wholemodule;
				SWIFT_OPTIMIZATION_LEVEL = "-O";
				VALIDATE_PRODUCT = YES;
			};
			name = Release;
		};
		3A10BCF3278BEBB000E7BC23 /* Debug */ = {
			isa = XCBuildConfiguration;
			baseConfigurationReference = 182B6866F9EDE8EF9AF5FEBC /* Pods-ElectronicIDCardDemo.debug.xcconfig */;
			buildSettings = {
				ASSETCATALOG_COMPILER_APPICON_NAME = AppIcon;
				ASSETCATALOG_COMPILER_GLOBAL_ACCENT_COLOR_NAME = AccentColor;
				CODE_SIGN_STYLE = Automatic;
				CURRENT_PROJECT_VERSION = 1;
				DEVELOPMENT_TEAM = BR6U9G47ZR;
				GENERATE_INFOPLIST_FILE = YES;
				INFOPLIST_FILE = ElectronicIDCardDemo/Info.plist;
				INFOPLIST_KEY_UIApplicationSupportsIndirectInputEvents = YES;
				INFOPLIST_KEY_UILaunchStoryboardName = LaunchScreen;
				INFOPLIST_KEY_UIMainStoryboardFile = Main;
				INFOPLIST_KEY_UISupportedInterfaceOrientations_iPad = "UIInterfaceOrientationPortrait UIInterfaceOrientationPortraitUpsideDown UIInterfaceOrientationLandscapeLeft UIInterfaceOrientationLandscapeRight";
				INFOPLIST_KEY_UISupportedInterfaceOrientations_iPhone = "UIInterfaceOrientationPortrait UIInterfaceOrientationLandscapeLeft UIInterfaceOrientationLandscapeRight";
				IPHONEOS_DEPLOYMENT_TARGET = 14.0;
				LD_RUNPATH_SEARCH_PATHS = (
					"$(inherited)",
					"@executable_path/Frameworks",
				);
				MARKETING_VERSION = 1.0;
				PRODUCT_BUNDLE_IDENTIFIER = hcdz.ElectronicIDCardDemo;
				PRODUCT_NAME = "$(TARGET_NAME)";
				SWIFT_EMIT_LOC_STRINGS = YES;
				SWIFT_VERSION = 5.0;
				TARGETED_DEVICE_FAMILY = "1,2";
			};
			name = Debug;
		};
		3A10BCF4278BEBB000E7BC23 /* Release */ = {
			isa = XCBuildConfiguration;
			baseConfigurationReference = B71A7269F86AED1249D9897A /* Pods-ElectronicIDCardDemo.release.xcconfig */;
			buildSettings = {
				ASSETCATALOG_COMPILER_APPICON_NAME = AppIcon;
				ASSETCATALOG_COMPILER_GLOBAL_ACCENT_COLOR_NAME = AccentColor;
				CODE_SIGN_STYLE = Automatic;
				CURRENT_PROJECT_VERSION = 1;
				DEVELOPMENT_TEAM = BR6U9G47ZR;
				GENERATE_INFOPLIST_FILE = YES;
				INFOPLIST_FILE = ElectronicIDCardDemo/Info.plist;
				INFOPLIST_KEY_UIApplicationSupportsIndirectInputEvents = YES;
				INFOPLIST_KEY_UILaunchStoryboardName = LaunchScreen;
				INFOPLIST_KEY_UIMainStoryboardFile = Main;
				INFOPLIST_KEY_UISupportedInterfaceOrientations_iPad = "UIInterfaceOrientationPortrait UIInterfaceOrientationPortraitUpsideDown UIInterfaceOrientationLandscapeLeft UIInterfaceOrientationLandscapeRight";
				INFOPLIST_KEY_UISupportedInterfaceOrientations_iPhone = "UIInterfaceOrientationPortrait UIInterfaceOrientationLandscapeLeft UIInterfaceOrientationLandscapeRight";
				IPHONEOS_DEPLOYMENT_TARGET = 14.0;
				LD_RUNPATH_SEARCH_PATHS = (
					"$(inherited)",
					"@executable_path/Frameworks",
				);
				MARKETING_VERSION = 1.0;
				PRODUCT_BUNDLE_IDENTIFIER = hcdz.ElectronicIDCardDemo;
				PRODUCT_NAME = "$(TARGET_NAME)";
				SWIFT_EMIT_LOC_STRINGS = YES;
				SWIFT_VERSION = 5.0;
				TARGETED_DEVICE_FAMILY = "1,2";
			};
			name = Release;
		};
/* End XCBuildConfiguration section */

/* Begin XCConfigurationList section */
		3A10BCD9278BEBAF00E7BC23 /* Build configuration list for PBXProject "ElectronicIDCardDemo" */ = {
			isa = XCConfigurationList;
			buildConfigurations = (
				3A10BCF0278BEBB000E7BC23 /* Debug */,
				3A10BCF1278BEBB000E7BC23 /* Release */,
			);
			defaultConfigurationIsVisible = 0;
			defaultConfigurationName = Release;
		};
		3A10BCF2278BEBB000E7BC23 /* Build configuration list for PBXNativeTarget "ElectronicIDCardDemo" */ = {
			isa = XCConfigurationList;
			buildConfigurations = (
				3A10BCF3278BEBB000E7BC23 /* Debug */,
				3A10BCF4278BEBB000E7BC23 /* Release */,
			);
			defaultConfigurationIsVisible = 0;
			defaultConfigurationName = Release;
		};
/* End XCConfigurationList section */
	};
	rootObject = 3A10BCD6278BEBAF00E7BC23 /* Project object */;
}
